
Microsoft Visual Studio Solution File, Format Version 12.00
# Visual Studio Version 16
VisualStudioVersion = 16.0.30711.63
MinimumVisualStudioVersion = 10.0.40219.1
Project("{FAE04EC0-301F-11D3-BF4B-00C04F79EFBC}") = "JiraApiApp", "JiraApiApp\JiraApiApp.csproj", "{F61D6708-5DD3-4AF6-AC75-03AD35FAFBA1}"
EndProject
Global
	GlobalSection(SolutionConfigurationPlatforms) = preSolution
		Debug|Any CPU = Debug|Any CPU
		Release|Any CPU = Release|Any CPU
	EndGlobalSection
	GlobalSection(ProjectConfigurationPlatforms) = postSolution
		{F61D6708-5DD3-4AF6-AC75-03AD35FAFBA1}.Debug|Any CPU.ActiveCfg = Debug|Any CPU
		{F61D6708-5DD3-4AF6-AC75-03AD35FAFBA1}.Debug|Any CPU.Build.0 = Debug|Any CPU
		{F61D6708-5DD3-4AF6-AC75-03AD35FAFBA1}.Release|Any CPU.ActiveCfg = Release|Any CPU
		{F61D6708-5DD3-4AF6-AC75-03AD35FAFBA1}.Release|Any CPU.Build.0 = Release|Any CPU
	EndGlobalSection
	GlobalSection(SolutionProperties) = preSolution
		HideSolutionNode = FALSE
	EndGlobalSection
	GlobalSection(ExtensibilityGlobals) = postSolution
		SolutionGuid = {CFED1C38-1DE8-40F2-8238-269661AE397F}
	EndGlobalSection
EndGlobal
